
Microsoft Visual Studio Solution File, Format Version 12.00
# Visual Studio Version 17
VisualStudioVersion = 17.14.36518.9 d17.14
MinimumVisualStudioVersion = 10.0.40219.1
Project("{FAE04EC0-301F-11D3-BF4B-00C04F79EFBC}") = "C# Object&Class", "C# Object&Class\C# Object&Class.csproj", "{3F56DD93-8A8E-4CE1-9E50-BA54A58FA07C}"
EndProject
Global
	GlobalSection(SolutionConfigurationPlatforms) = preSolution
		Debug|Any CPU = Debug|Any CPU
		Release|Any CPU = Release|Any CPU
	EndGlobalSection
	GlobalSection(ProjectConfigurationPlatforms) = postSolution
		{3F56DD93-8A8E-4CE1-9E50-BA54A58FA07C}.Debug|Any CPU.ActiveCfg = Debug|Any CPU
		{3F56DD93-8A8E-4CE1-9E50-BA54A58FA07C}.Debug|Any CPU.Build.0 = Debug|Any CPU
		{3F56DD93-8A8E-4CE1-9E50-BA54A58FA07C}.Release|Any CPU.ActiveCfg = Release|Any CPU
		{3F56DD93-8A8E-4CE1-9E50-BA54A58FA07C}.Release|Any CPU.Build.0 = Release|Any CPU
	EndGlobalSection
	GlobalSection(SolutionProperties) = preSolution
		HideSolutionNode = FALSE
	EndGlobalSection
	GlobalSection(ExtensibilityGlobals) = postSolution
		SolutionGuid = {0396B743-9F6E-48A8-8459-33618BFC6E72}
	EndGlobalSection
EndGlobal
