
Microsoft Visual Studio Solution File, Format Version 12.00
# Visual Studio Version 17
VisualStudioVersion = 17.11.35312.102
MinimumVisualStudioVersion = 10.0.40219.1
Project("{FAE04EC0-301F-11D3-BF4B-00C04F79EFBC}") = "SerializeTasks", "SerializeTasks\SerializeTasks.csproj", "{0D339879-F76B-4045-8135-103804660845}"
EndProject
Global
	GlobalSection(SolutionConfigurationPlatforms) = preSolution
		Debug|Any CPU = Debug|Any CPU
		Release|Any CPU = Release|Any CPU
	EndGlobalSection
	GlobalSection(ProjectConfigurationPlatforms) = postSolution
		{0D339879-F76B-4045-8135-103804660845}.Debug|Any CPU.ActiveCfg = Debug|Any CPU
		{0D339879-F76B-4045-8135-103804660845}.Debug|Any CPU.Build.0 = Debug|Any CPU
		{0D339879-F76B-4045-8135-103804660845}.Release|Any CPU.ActiveCfg = Release|Any CPU
		{0D339879-F76B-4045-8135-103804660845}.Release|Any CPU.Build.0 = Release|Any CPU
	EndGlobalSection
	GlobalSection(SolutionProperties) = preSolution
		HideSolutionNode = FALSE
	EndGlobalSection
	GlobalSection(ExtensibilityGlobals) = postSolution
		SolutionGuid = {53268D94-7871-4A12-86DE-AF2AFC2D1BBB}
	EndGlobalSection
EndGlobal
