
Microsoft Visual Studio Solution File, Format Version 12.00
# Visual Studio Version 17
VisualStudioVersion = 17.11.35312.102
MinimumVisualStudioVersion = 10.0.40219.1
Project("{FAE04EC0-301F-11D3-BF4B-00C04F79EFBC}") = "DelegateTask", "DelegateTask\DelegateTask.csproj", "{13AA4BD2-99B6-4504-8648-B533CC08E48F}"
EndProject
Global
	GlobalSection(SolutionConfigurationPlatforms) = preSolution
		Debug|Any CPU = Debug|Any CPU
		Release|Any CPU = Release|Any CPU
	EndGlobalSection
	GlobalSection(ProjectConfigurationPlatforms) = postSolution
		{13AA4BD2-99B6-4504-8648-B533CC08E48F}.Debug|Any CPU.ActiveCfg = Debug|Any CPU
		{13AA4BD2-99B6-4504-8648-B533CC08E48F}.Debug|Any CPU.Build.0 = Debug|Any CPU
		{13AA4BD2-99B6-4504-8648-B533CC08E48F}.Release|Any CPU.ActiveCfg = Release|Any CPU
		{13AA4BD2-99B6-4504-8648-B533CC08E48F}.Release|Any CPU.Build.0 = Release|Any CPU
	EndGlobalSection
	GlobalSection(SolutionProperties) = preSolution
		HideSolutionNode = FALSE
	EndGlobalSection
	GlobalSection(ExtensibilityGlobals) = postSolution
		SolutionGuid = {4210F058-F16E-4EA3-980F-E7854664D719}
	EndGlobalSection
EndGlobal
