
Microsoft Visual Studio Solution File, Format Version 12.00
# Visual Studio Version 17
VisualStudioVersion = 17.14.36518.9 d17.14
MinimumVisualStudioVersion = 10.0.40219.1
Project("{FAE04EC0-301F-11D3-BF4B-00C04F79EFBC}") = "AbstractionTasks", "AbstractionTasks\AbstractionTasks.csproj", "{DAFB961A-80DB-4B7C-B9E4-535405E59217}"
EndProject
Global
	GlobalSection(SolutionConfigurationPlatforms) = preSolution
		Debug|Any CPU = Debug|Any CPU
		Release|Any CPU = Release|Any CPU
	EndGlobalSection
	GlobalSection(ProjectConfigurationPlatforms) = postSolution
		{DAFB961A-80DB-4B7C-B9E4-535405E59217}.Debug|Any CPU.ActiveCfg = Debug|Any CPU
		{DAFB961A-80DB-4B7C-B9E4-535405E59217}.Debug|Any CPU.Build.0 = Debug|Any CPU
		{DAFB961A-80DB-4B7C-B9E4-535405E59217}.Release|Any CPU.ActiveCfg = Release|Any CPU
		{DAFB961A-80DB-4B7C-B9E4-535405E59217}.Release|Any CPU.Build.0 = Release|Any CPU
	EndGlobalSection
	GlobalSection(SolutionProperties) = preSolution
		HideSolutionNode = FALSE
	EndGlobalSection
	GlobalSection(ExtensibilityGlobals) = postSolution
		SolutionGuid = {45EF0A8C-57FD-421C-B8C6-6BE22FE29224}
	EndGlobalSection
EndGlobal
