
Microsoft Visual Studio Solution File, Format Version 12.00
# Visual Studio Version 17
VisualStudioVersion = 17.11.35312.102
MinimumVisualStudioVersion = 10.0.40219.1
Project("{FAE04EC0-301F-11D3-BF4B-00C04F79EFBC}") = "ListsTask", "ListsTask\ListsTask.csproj", "{FBC2BE08-4D8C-47C4-9CFF-FD31A92D4219}"
EndProject
Global
	GlobalSection(SolutionConfigurationPlatforms) = preSolution
		Debug|Any CPU = Debug|Any CPU
		Release|Any CPU = Release|Any CPU
	EndGlobalSection
	GlobalSection(ProjectConfigurationPlatforms) = postSolution
		{FBC2BE08-4D8C-47C4-9CFF-FD31A92D4219}.Debug|Any CPU.ActiveCfg = Debug|Any CPU
		{FBC2BE08-4D8C-47C4-9CFF-FD31A92D4219}.Debug|Any CPU.Build.0 = Debug|Any CPU
		{FBC2BE08-4D8C-47C4-9CFF-FD31A92D4219}.Release|Any CPU.ActiveCfg = Release|Any CPU
		{FBC2BE08-4D8C-47C4-9CFF-FD31A92D4219}.Release|Any CPU.Build.0 = Release|Any CPU
	EndGlobalSection
	GlobalSection(SolutionProperties) = preSolution
		HideSolutionNode = FALSE
	EndGlobalSection
	GlobalSection(ExtensibilityGlobals) = postSolution
		SolutionGuid = {4A7D8678-6DB3-457A-AB59-AF09C2672309}
	EndGlobalSection
EndGlobal
